
Microsoft Visual Studio Solution File, Format Version 12.00
# Visual Studio Version 17
VisualStudioVersion = 17.0.31912.275
MinimumVisualStudioVersion = 10.0.40219.1
Project("{FAE04EC0-301F-11D3-BF4B-00C04F79EFBC}") = "harjoituksia", "harjoituksia\harjoituksia.csproj", "{550283D8-7CCC-4CD5-8969-874B509AC71B}"
EndProject
Global
	GlobalSection(SolutionConfigurationPlatforms) = preSolution
		Debug|Any CPU = Debug|Any CPU
		Release|Any CPU = Release|Any CPU
	EndGlobalSection
	GlobalSection(ProjectConfigurationPlatforms) = postSolution
		{550283D8-7CCC-4CD5-8969-874B509AC71B}.Debug|Any CPU.ActiveCfg = Debug|Any CPU
		{550283D8-7CCC-4CD5-8969-874B509AC71B}.Debug|Any CPU.Build.0 = Debug|Any CPU
		{550283D8-7CCC-4CD5-8969-874B509AC71B}.Release|Any CPU.ActiveCfg = Release|Any CPU
		{550283D8-7CCC-4CD5-8969-874B509AC71B}.Release|Any CPU.Build.0 = Release|Any CPU
	EndGlobalSection
	GlobalSection(SolutionProperties) = preSolution
		HideSolutionNode = FALSE
	EndGlobalSection
	GlobalSection(ExtensibilityGlobals) = postSolution
		SolutionGuid = {82C88B19-0FE8-49EA-84B7-FFCFA0070B51}
	EndGlobalSection
EndGlobal
